// !$*UTF8*$!
{
	archiveVersion = 1;
	classes = {
	};
	objectVersion = 50;
	objects = {

/* Begin PBXBuildFile section */
		6FC7379A25714674008555C4 /* AppDelegate.swift in Sources */ = {isa = PBXBuildFile; fileRef = 6FC7379925714674008555C4 /* AppDelegate.swift */; };
		6FC7379C25714674008555C4 /* SceneDelegate.swift in Sources */ = {isa = PBXBuildFile; fileRef = 6FC7379B25714674008555C4 /* SceneDelegate.swift */; };
		6FC7379E25714674008555C4 /* ViewController.swift in Sources */ = {isa = PBXBuildFile; fileRef = 6FC7379D25714674008555C4 /* ViewController.swift */; };
		6FC737A125714674008555C4 /* Main.storyboard in Resources */ = {isa = PBXBuildFile; fileRef = 6FC7379F25714674008555C4 /* Main.storyboard */; };
		6FC737A425714674008555C4 /* rythmofthenightiOS.xcdatamodeld in Sources */ = {isa = PBXBuildFile; fileRef = 6FC737A225714674008555C4 /* rythmofthenightiOS.xcdatamodeld */; };
		6FC737A625714677008555C4 /* Assets.xcassets in Resources */ = {isa = PBXBuildFile; fileRef = 6FC737A525714677008555C4 /* Assets.xcassets */; };
		6FC737A925714677008555C4 /* LaunchScreen.storyboard in Resources */ = {isa = PBXBuildFile; fileRef = 6FC737A725714677008555C4 /* LaunchScreen.storyboard */; };
/* End PBXBuildFile section */

/* Begin PBXFileReference section */
		6FC7379625714674008555C4 /* rythmofthenightiOS.app */ = {isa = PBXFileReference; explicitFileType = wrapper.application; includeInIndex = 0; path = rythmofthenightiOS.app; sourceTree = BUILT_PRODUCTS_DIR; };
		6FC7379925714674008555C4 /* AppDelegate.swift */ = {isa = PBXFileReference; lastKnownFileType = sourcecode.swift; path = AppDelegate.swift; sourceTree = "<group>"; };
		6FC7379B25714674008555C4 /* SceneDelegate.swift */ = {isa = PBXFileReference; lastKnownFileType = sourcecode.swift; path = SceneDelegate.swift; sourceTree = "<group>"; };
		6FC7379D25714674008555C4 /* ViewController.swift */ = {isa = PBXFileReference; lastKnownFileType = sourcecode.swift; path = ViewController.swift; sourceTree = "<group>"; };
		6FC737A025714674008555C4 /* Base */ = {isa = PBXFileReference; lastKnownFileType = file.storyboard; name = Base; path = Base.lproj/Main.storyboard; sourceTree = "<group>"; };
		6FC737A325714674008555C4 /* rythmofthenightiOS.xcdatamodel */ = {isa = PBXFileReference; lastKnownFileType = wrapper.xcdatamodel; path = rythmofthenightiOS.xcdatamodel; sourceTree = "<group>"; };
		6FC737A525714677008555C4 /* Assets.xcassets */ = {isa = PBXFileReference; lastKnownFileType = folder.assetcatalog; path = Assets.xcassets; sourceTree = "<group>"; };
		6FC737A825714677008555C4 /* Base */ = {isa = PBXFileReference; lastKnownFileType = file.storyboard; name = Base; path = Base.lproj/LaunchScreen.storyboard; sourceTree = "<group>"; };
		6FC737AA25714677008555C4 /* Info.plist */ = {isa = PBXFileReference; lastKnownFileType = text.plist.xml; path = Info.plist; sourceTree = "<group>"; };
/* End PBXFileReference section */

/* Begin PBXFrameworksBuildPhase section */
		6FC7379325714674008555C4 /* Frameworks */ = {
			isa = PBXFrameworksBuildPhase;
			buildActionMask = 2147483647;
			files = (
			);
			runOnlyForDeploymentPostprocessing = 0;
		};
/* End PBXFrameworksBuildPhase section */

/* Begin PBXGroup section */
		6FC7378D25714674008555C4 = {
			isa = PBXGroup;
			children = (
				6FC7379825714674008555C4 /* rythmofthenightiOS */,
				6FC7379725714674008555C4 /* Products */,
			);
			sourceTree = "<group>";
		};
		6FC7379725714674008555C4 /* Products */ = {
			isa = PBXGroup;
			children = (
				6FC7379625714674008555C4 /* rythmofthenightiOS.app */,
			);
			name = Products;
			sourceTree = "<group>";
		};
		6FC7379825714674008555C4 /* rythmofthenightiOS */ = {
			isa = PBXGroup;
			children = (
				6FC7379925714674008555C4 /* AppDelegate.swift */,
				6FC7379B25714674008555C4 /* SceneDelegate.swift */,
				6FC7379D25714674008555C4 /* ViewController.swift */,
				6FC7379F25714674008555C4 /* Main.storyboard */,
				6FC737A525714677008555C4 /* Assets.xcassets */,
				6FC737A725714677008555C4 /* LaunchScreen.storyboard */,
				6FC737AA25714677008555C4 /* Info.plist */,
				6FC737A225714674008555C4 /* rythmofthenightiOS.xcdatamodeld */,
			);
			path = rythmofthenightiOS;
			sourceTree = "<group>";
		};
/* End PBXGroup section */

/* Begin PBXNativeTarget section */
		6FC7379525714674008555C4 /* rythmofthenightiOS */ = {
			isa = PBXNativeTarget;
			buildConfigurationList = 6FC737AD25714677008555C4 /* Build configuration list for PBXNativeTarget "rythmofthenightiOS" */;
			buildPhases = (
				6FC7379225714674008555C4 /* Sources */,
				6FC7379325714674008555C4 /* Frameworks */,
				6FC7379425714674008555C4 /* Resources */,
			);
			buildRules = (
			);
			dependencies = (
			);
			name = rythmofthenightiOS;
			productName = rythmofthenightiOS;
			productReference = 6FC7379625714674008555C4 /* rythmofthenightiOS.app */;
			productType = "com.apple.product-type.application";
		};
/* End PBXNativeTarget section */

/* Begin PBXProject section */
		6FC7378E25714674008555C4 /* Project object */ = {
			isa = PBXProject;
			attributes = {
				LastSwiftUpdateCheck = 1220;
				LastUpgradeCheck = 1220;
				TargetAttributes = {
					6FC7379525714674008555C4 = {
						CreatedOnToolsVersion = 12.2;
					};
				};
			};
			buildConfigurationList = 6FC7379125714674008555C4 /* Build configuration list for PBXProject "rythmofthenightiOS" */;
			compatibilityVersion = "Xcode 9.3";
			developmentRegion = en;
			hasScannedForEncodings = 0;
			knownRegions = (
				en,
				Base,
			);
			mainGroup = 6FC7378D25714674008555C4;
			productRefGroup = 6FC7379725714674008555C4 /* Products */;
			projectDirPath = "";
			projectRoot = "";
			targets = (
				6FC7379525714674008555C4 /* rythmofthenightiOS */,
			);
		};
/* End PBXProject section */

/* Begin PBXResourcesBuildPhase section */
		6FC7379425714674008555C4 /* Resources */ = {
			isa = PBXResourcesBuildPhase;
			buildActionMask = 2147483647;
			files = (
				6FC737A925714677008555C4 /* LaunchScreen.storyboard in Resources */,
				6FC737A625714677008555C4 /* Assets.xcassets in Resources */,
				6FC737A125714674008555C4 /* Main.storyboard in Resources */,
			);
			runOnlyForDeploymentPostprocessing = 0;
		};
/* End PBXResourcesBuildPhase section */

/* Begin PBXSourcesBuildPhase section */
		6FC7379225714674008555C4 /* Sources */ = {
			isa = PBXSourcesBuildPhase;
			buildActionMask = 2147483647;
			files = (
				6FC7379E25714674008555C4 /* ViewController.swift in Sources */,
				6FC7379A25714674008555C4 /* AppDelegate.swift in Sources */,
				6FC737A425714674008555C4 /* rythmofthenightiOS.xcdatamodeld in Sources */,
				6FC7379C25714674008555C4 /* SceneDelegate.swift in Sources */,
			);
			runOnlyForDeploymentPostprocessing = 0;
		};
/* End PBXSourcesBuildPhase section */

/* Begin PBXVariantGroup section */
		6FC7379F25714674008555C4 /* Main.storyboard */ = {
			isa = PBXVariantGroup;
			children = (
				6FC737A025714674008555C4 /* Base */,
			);
			name = Main.storyboard;
			sourceTree = "<group>";
		};
		6FC737A725714677008555C4 /* LaunchScreen.storyboard */ = {
			isa = PBXVariantGroup;
			children = (
				6FC737A825714677008555C4 /* Base */,
			);
			name = LaunchScreen.storyboard;
			sourceTree = "<group>";
		};
/* End PBXVariantGroup section */

/* Begin XCBuildConfiguration section */
		6FC737AB25714677008555C4 /* Debug */ = {
			isa = XCBuildConfiguration;
			buildSettings = {
				ALWAYS_SEARCH_USER_PATHS = NO;
				CLANG_ANALYZER_NONNULL = YES;
				CLANG_ANALYZER_NUMBER_OBJECT_CONVERSION = YES_AGGRESSIVE;
				CLANG_CXX_LANGUAGE_STANDARD = "gnu++14";
				CLANG_CXX_LIBRARY = "libc++";
				CLANG_ENABLE_MODULES = YES;
				CLANG_ENABLE_OBJC_ARC = YES;
				CLANG_ENABLE_OBJC_WEAK = YES;
				CLANG_WARN_BLOCK_CAPTURE_AUTORELEASING = YES;
				CLANG_WARN_BOOL_CONVERSION = YES;
				CLANG_WARN_COMMA = YES;
				CLANG_WARN_CONSTANT_CONVERSION = YES;
				CLANG_WARN_DEPRECATED_OBJC_IMPLEMENTATIONS = YES;
				CLANG_WARN_DIRECT_OBJC_ISA_USAGE = YES_ERROR;
				CLANG_WARN_DOCUMENTATION_COMMENTS = YES;
				CLANG_WARN_EMPTY_BODY = YES;
				CLANG_WARN_ENUM_CONVERSION = YES;
				CLANG_WARN_INFINITE_RECURSION = YES;
				CLANG_WARN_INT_CONVERSION = YES;
				CLANG_WARN_NON_LITERAL_NULL_CONVERSION = YES;
				CLANG_WARN_OBJC_IMPLICIT_RETAIN_SELF = YES;
				CLANG_WARN_OBJC_LITERAL_CONVERSION = YES;
				CLANG_WARN_OBJC_ROOT_CLASS = YES_ERROR;
				CLANG_WARN_QUOTED_INCLUDE_IN_FRAMEWORK_HEADER = YES;
				CLANG_WARN_RANGE_LOOP_ANALYSIS = YES;
				CLANG_WARN_STRICT_PROTOTYPES = YES;
				CLANG_WARN_SUSPICIOUS_MOVE = YES;
				CLANG_WARN_UNGUARDED_AVAILABILITY = YES_AGGRESSIVE;
				CLANG_WARN_UNREACHABLE_CODE = YES;
				CLANG_WARN__DUPLICATE_METHOD_MATCH = YES;
				COPY_PHASE_STRIP = NO;
				DEBUG_INFORMATION_FORMAT = dwarf;
				ENABLE_STRICT_OBJC_MSGSEND = YES;
				ENABLE_TESTABILITY = YES;
				GCC_C_LANGUAGE_STANDARD = gnu11;
				GCC_DYNAMIC_NO_PIC = NO;
				GCC_NO_COMMON_BLOCKS = YES;
				GCC_OPTIMIZATION_LEVEL = 0;
				GCC_PREPROCESSOR_DEFINITIONS = (
					"DEBUG=1",
					"$(inherited)",
				);
				GCC_WARN_64_TO_32_BIT_CONVERSION = YES;
				GCC_WARN_ABOUT_RETURN_TYPE = YES_ERROR;
				GCC_WARN_UNDECLARED_SELECTOR = YES;
				GCC_WARN_UNINITIALIZED_AUTOS = YES_AGGRESSIVE;
				GCC_WARN_UNUSED_FUNCTION = YES;
				GCC_WARN_UNUSED_VARIABLE = YES;
				IPHONEOS_DEPLOYMENT_TARGET = 14.2;
				MTL_ENABLE_DEBUG_INFO = INCLUDE_SOURCE;
				MTL_FAST_MATH = YES;
				ONLY_ACTIVE_ARCH = YES;
				SDKROOT = iphoneos;
				SWIFT_ACTIVE_COMPILATION_CONDITIONS = DEBUG;
				SWIFT_OPTIMIZATION_LEVEL = "-Onone";
			};
			name = Debug;
		};
		6FC737AC25714677008555C4 /* Release */ = {
			isa = XCBuildConfiguration;
			buildSettings = {
				ALWAYS_SEARCH_USER_PATHS = NO;
				CLANG_ANALYZER_NONNULL = YES;
				CLANG_ANALYZER_NUMBER_OBJECT_CONVERSION = YES_AGGRESSIVE;
				CLANG_CXX_LANGUAGE_STANDARD = "gnu++14";
				CLANG_CXX_LIBRARY = "libc++";
				CLANG_ENABLE_MODULES = YES;
				CLANG_ENABLE_OBJC_ARC = YES;
				CLANG_ENABLE_OBJC_WEAK = YES;
				CLANG_WARN_BLOCK_CAPTURE_AUTORELEASING = YES;
				CLANG_WARN_BOOL_CONVERSION = YES;
				CLANG_WARN_COMMA = YES;
				CLANG_WARN_CONSTANT_CONVERSION = YES;
				CLANG_WARN_DEPRECATED_OBJC_IMPLEMENTATIONS = YES;
				CLANG_WARN_DIRECT_OBJC_ISA_USAGE = YES_ERROR;
				CLANG_WARN_DOCUMENTATION_COMMENTS = YES;
				CLANG_WARN_EMPTY_BODY = YES;
				CLANG_WARN_ENUM_CONVERSION = YES;
				CLANG_WARN_INFINITE_RECURSION = YES;
				CLANG_WARN_INT_CONVERSION = YES;
				CLANG_WARN_NON_LITERAL_NULL_CONVERSION = YES;
				CLANG_WARN_OBJC_IMPLICIT_RETAIN_SELF = YES;
				CLANG_WARN_OBJC_LITERAL_CONVERSION = YES;
				CLANG_WARN_OBJC_ROOT_CLASS = YES_ERROR;
				CLANG_WARN_QUOTED_INCLUDE_IN_FRAMEWORK_HEADER = YES;
				CLANG_WARN_RANGE_LOOP_ANALYSIS = YES;
				CLANG_WARN_STRICT_PROTOTYPES = YES;
				CLANG_WARN_SUSPICIOUS_MOVE = YES;
				CLANG_WARN_UNGUARDED_AVAILABILITY = YES_AGGRESSIVE;
				CLANG_WARN_UNREACHABLE_CODE = YES;
				CLANG_WARN__DUPLICATE_METHOD_MATCH = YES;
				COPY_PHASE_STRIP = NO;
				DEBUG_INFORMATION_FORMAT = "dwarf-with-dsym";
				ENABLE_NS_ASSERTIONS = NO;
				ENABLE_STRICT_OBJC_MSGSEND = YES;
				GCC_C_LANGUAGE_STANDARD = gnu11;
				GCC_NO_COMMON_BLOCKS = YES;
				GCC_WARN_64_TO_32_BIT_CONVERSION = YES;
				GCC_WARN_ABOUT_RETURN_TYPE = YES_ERROR;
				GCC_WARN_UNDECLARED_SELECTOR = YES;
				GCC_WARN_UNINITIALIZED_AUTOS = YES_AGGRESSIVE;
				GCC_WARN_UNUSED_FUNCTION = YES;
				GCC_WARN_UNUSED_VARIABLE = YES;
				IPHONEOS_DEPLOYMENT_TARGET = 14.2;
				MTL_ENABLE_DEBUG_INFO = NO;
				MTL_FAST_MATH = YES;
				SDKROOT = iphoneos;
				SWIFT_COMPILATION_MODE = wholemodule;
				SWIFT_OPTIMIZATION_LEVEL = "-O";
				VALIDATE_PRODUCT = YES;
			};
			name = Release;
		};
		6FC737AE25714677008555C4 /* Debug */ = {
			isa = XCBuildConfiguration;
			buildSettings = {
				ASSETCATALOG_COMPILER_APPICON_NAME = AppIcon;
				ASSETCATALOG_COMPILER_GLOBAL_ACCENT_COLOR_NAME = AccentColor;
				CODE_SIGN_STYLE = Automatic;
				INFOPLIST_FILE = rythmofthenightiOS/Info.plist;
				LD_RUNPATH_SEARCH_PATHS = (
					"$(inherited)",
					"@executable_path/Frameworks",
				);
				PRODUCT_BUNDLE_IDENTIFIER = com.Esprit.tn.rythmofthenightiOS;
				PRODUCT_NAME = "$(TARGET_NAME)";
				SWIFT_VERSION = 5.0;
				TARGETED_DEVICE_FAMILY = "1,2";
			};
			name = Debug;
		};
		6FC737AF25714677008555C4 /* Release */ = {
			isa = XCBuildConfiguration;
			buildSettings = {
				ASSETCATALOG_COMPILER_APPICON_NAME = AppIcon;
				ASSETCATALOG_COMPILER_GLOBAL_ACCENT_COLOR_NAME = AccentColor;
				CODE_SIGN_STYLE = Automatic;
				INFOPLIST_FILE = rythmofthenightiOS/Info.plist;
				LD_RUNPATH_SEARCH_PATHS = (
					"$(inherited)",
					"@executable_path/Frameworks",
				);
				PRODUCT_BUNDLE_IDENTIFIER = com.Esprit.tn.rythmofthenightiOS;
				PRODUCT_NAME = "$(TARGET_NAME)";
				SWIFT_VERSION = 5.0;
				TARGETED_DEVICE_FAMILY = "1,2";
			};
			name = Release;
		};
/* End XCBuildConfiguration section */

/* Begin XCConfigurationList section */
		6FC7379125714674008555C4 /* Build configuration list for PBXProject "rythmofthenightiOS" */ = {
			isa = XCConfigurationList;
			buildConfigurations = (
				6FC737AB25714677008555C4 /* Debug */,
				6FC737AC25714677008555C4 /* Release */,
			);
			defaultConfigurationIsVisible = 0;
			defaultConfigurationName = Release;
		};
		6FC737AD25714677008555C4 /* Build configuration list for PBXNativeTarget "rythmofthenightiOS" */ = {
			isa = XCConfigurationList;
			buildConfigurations = (
				6FC737AE25714677008555C4 /* Debug */,
				6FC737AF25714677008555C4 /* Release */,
			);
			defaultConfigurationIsVisible = 0;
			defaultConfigurationName = Release;
		};
/* End XCConfigurationList section */

/* Begin XCVersionGroup section */
		6FC737A225714674008555C4 /* rythmofthenightiOS.xcdatamodeld */ = {
			isa = XCVersionGroup;
			children = (
				6FC737A325714674008555C4 /* rythmofthenightiOS.xcdatamodel */,
			);
			currentVersion = 6FC737A325714674008555C4 /* rythmofthenightiOS.xcdatamodel */;
			path = rythmofthenightiOS.xcdatamodeld;
			sourceTree = "<group>";
			versionGroupType = wrapper.xcdatamodel;
		};
/* End XCVersionGroup section */
	};
	rootObject = 6FC7378E25714674008555C4 /* Project object */;
}
